<?xml version="1.0" encoding="UTF-8"?>
<Scheme
   LastUpgradeVersion = "2660"
   version = "1.7">
   <BuildAction
      parallelizeBuildables = "YES"
      buildImplicitDependencies = "YES"
      buildArchitectures = "Automatic">
      <BuildActionEntries>
         <BuildActionEntry
            buildForTesting = "YES"
            buildForRunning = "YES"
            buildForProfiling = "YES"
            buildForArchiving = "YES"
            buildForAnalyzing = "YES">
            <BuildableReference
               BuildableIdentifier = "primary"
               BlueprintIdentifier = "504EC3031FED79650016851F"
               BuildableName = "App.app"
               BlueprintName = "App"
               ReferencedContainer = "container:App.xcodeproj">
            </BuildableReference>
         </BuildActionEntry>
      </BuildActionEntries>
   </BuildAction>
   <TestAction
      buildConfiguration = "Debug"
      selectedDebuggerIdentifier = "Xcode.DebuggerFoundation.Debugger.LLDB"
      selectedLauncherIdentifier = "Xcode.DebuggerFoundation.Launcher.LLDB"
      shouldUseLaunchSchemeArgsEnv = "YES"
      shouldAutocreateTestPlan = "YES">
   </TestAction>
   <LaunchAction
      buildConfiguration = "Debug"
      selectedDebuggerIdentifier = "Xcode.DebuggerFoundation.Debugger.LLDB"
      selectedLauncherIdentifier = "Xcode.DebuggerFoundation.Launcher.LLDB"
      launchStyle = "0"
      useCustomWorkingDirectory = "NO"
      ignoresPersistentStateOnLaunch = "NO"
      debugDocumentVersioning = "YES"
      debugServiceExtension = "internal"
      allowLocationSimulation = "YES"
      queueDebuggingEnableBacktraceRecording = "Yes">
      <BuildableProductRunnable
         runnableDebuggingMode = "0">
         <BuildableReference
            BuildableIdentifier = "primary"
            BlueprintIdentifier = "504EC3031FED79650016851F"
            BuildableName = "App.app"
            BlueprintName = "App"
            ReferencedContainer = "container:App.xcodeproj">
         </BuildableReference>
      </BuildableProductRunnable>
      <EnvironmentVariables>
         <EnvironmentVariable
            key = "APP_URL"
            value = "https://gonnng.com"
            isEnabled = "YES">
         </EnvironmentVariable>
         <EnvironmentVariable
            key = "VITE_ENABLE_SUPABASE"
            value = "true"
            isEnabled = "YES">
         </EnvironmentVariable>
         <EnvironmentVariable
            key = "SUPABASE_DATA_URL"
            value = "https://zhzoermudtvrzawfqxpe.supabase.co"
            isEnabled = "YES">
         </EnvironmentVariable>
         <EnvironmentVariable
            key = "SUPABASE_STORAGE_URL"
            value = "=https://zhzoermudtvrzawfqxpe.storage.supabase.co"
            isEnabled = "YES">
         </EnvironmentVariable>
         <EnvironmentVariable
            key = "SUPABASE_URL"
            value = "https://zhzoermudtvrzawfqxpe.storage.supabase.co"
            isEnabled = "YES">
         </EnvironmentVariable>
         <EnvironmentVariable
            key = "VITE_SUPABASE_ANON_KEY"
            value = "eyJhbGciOiJIUzI1NiIsInR5cCI6IkpXVCJ9.eyJpc3MiOiJzdXBhYmFzZSIsInJlZiI6Inpoem9lcm11ZHR2cnphd2ZxeHBlIiwicm9sZSI6ImFub24iLCJpYXQiOjE3ODUwODY4MDIsImV4cCI6MjEwMDY2MjgwMn0.UEL4yaRPBSD98i3kdr9K2uyCUsa07_6OUH2irFBr-zQ"
            isEnabled = "YES">
         </EnvironmentVariable>
         <EnvironmentVariable
            key = "SUPABASE_SERVICE_ROLE_KEY"
            value = "eyJhbGciOiJIUzI1NiIsInR5cCI6IkpXVCJ9.eyJpc3MiOiJzdXBhYmFzZSIsInJlZiI6Inpoem9lcm11ZHR2cnphd2ZxeHBlIiwicm9sZSI6InNlcnZpY2Vfcm9sZSIsImlhdCI6MTc4NTA4NjgwMiwiZXhwIjoyMTAwNjYyODAyfQ.XqwO7x_8wNK7qsv2kHpTuHH50otCjlFv83gyTvlmWUc"
            isEnabled = "YES">
         </EnvironmentVariable>
         <EnvironmentVariable
            key = "SUPABASE_STORAGE_BUCKET"
            value = "post-media"
            isEnabled = "YES">
         </EnvironmentVariable>
         <EnvironmentVariable
            key = "VITE_SUPABASE_PUBLIC_MEDIA_URL"
            value = "=media"
            isEnabled = "YES">
         </EnvironmentVariable>
         <EnvironmentVariable
            key = "RESEND_API_KEY"
            value = "re_5MAPTs8w_8BQKtARkHYNeAhyPfEiNnVTd"
            isEnabled = "YES">
         </EnvironmentVariable>
         <EnvironmentVariable
            key = "RESEND_FROM_EMAIL"
            value = "&quot;Gonnng Gonnng &lt;noreply@gonnng.com&gt;&quot;"
            isEnabled = "YES">
         </EnvironmentVariable>
         <EnvironmentVariable
            key = "VITE_RESEND_API_KEY"
            value = "re_5MAPTs8w_8BQKtARkHYNeAhyPfEiNnVTd"
            isEnabled = "YES">
         </EnvironmentVariable>
         <EnvironmentVariable
            key = "VITE_ENABLE_AUTH"
            value = "true"
            isEnabled = "YES">
         </EnvironmentVariable>
         <EnvironmentVariable
            key = "APP_ENV"
            value = "Live"
            isEnabled = "YES">
         </EnvironmentVariable>
         <EnvironmentVariable
            key = "ALLOWED_EMAIL_DOMAINS"
            value = "&quot;gonnng.test,gonnng.com&quot;"
            isEnabled = "YES">
         </EnvironmentVariable>
         <EnvironmentVariable
            key = "VITE_ENABLE_FILE_UPLOADS"
            value = "true"
            isEnabled = "YES">
         </EnvironmentVariable>
         <EnvironmentVariable
            key = "VITE_APP_URL"
            value = "https://gonnng.com"
            isEnabled = "YES">
         </EnvironmentVariable>
      </EnvironmentVariables>
   </LaunchAction>
   <ProfileAction
      buildConfiguration = "Release"
      shouldUseLaunchSchemeArgsEnv = "YES"
      savedToolIdentifier = ""
      useCustomWorkingDirectory = "NO"
      debugDocumentVersioning = "YES">
      <BuildableProductRunnable
         runnableDebuggingMode = "0">
         <BuildableReference
            BuildableIdentifier = "primary"
            BlueprintIdentifier = "504EC3031FED79650016851F"
            BuildableName = "App.app"
            BlueprintName = "App"
            ReferencedContainer = "container:App.xcodeproj">
         </BuildableReference>
      </BuildableProductRunnable>
   </ProfileAction>
   <AnalyzeAction
      buildConfiguration = "Debug">
   </AnalyzeAction>
   <ArchiveAction
      buildConfiguration = "Release"
      revealArchiveInOrganizer = "YES">
   </ArchiveAction>
</Scheme>
